
Microsoft Visual Studio Solution File, Format Version 12.00
# Visual Studio 15
VisualStudioVersion = 15.0.26403.0
MinimumVisualStudioVersion = 10.0.40219.1
Project("{9A19103F-16F7-4668-BE54-9A1E7A4F7556}") = "Incremental", "src\Incremental.csproj", "{1F2C05B4-E1EB-4600-B7D6-DC240C9BFDB1}"
EndProject
Project("{9A19103F-16F7-4668-BE54-9A1E7A4F7556}") = "Incremental.Test", "test\Incremental.Test.csproj", "{A889DA94-EB2D-4D2F-AF66-276BF4A47392}"
EndProject
Global
	GlobalSection(SolutionConfigurationPlatforms) = preSolution
		Debug|Any CPU = Debug|Any CPU
		Release|Any CPU = Release|Any CPU
	EndGlobalSection
	GlobalSection(ProjectConfigurationPlatforms) = postSolution
		{1F2C05B4-E1EB-4600-B7D6-DC240C9BFDB1}.Debug|Any CPU.ActiveCfg = Debug|Any CPU
		{1F2C05B4-E1EB-4600-B7D6-DC240C9BFDB1}.Debug|Any CPU.Build.0 = Debug|Any CPU
		{1F2C05B4-E1EB-4600-B7D6-DC240C9BFDB1}.Release|Any CPU.ActiveCfg = Release|Any CPU
		{1F2C05B4-E1EB-4600-B7D6-DC240C9BFDB1}.Release|Any CPU.Build.0 = Release|Any CPU
		{A889DA94-EB2D-4D2F-AF66-276BF4A47392}.Debug|Any CPU.ActiveCfg = Debug|Any CPU
		{A889DA94-EB2D-4D2F-AF66-276BF4A47392}.Debug|Any CPU.Build.0 = Debug|Any CPU
		{A889DA94-EB2D-4D2F-AF66-276BF4A47392}.Release|Any CPU.ActiveCfg = Release|Any CPU
		{A889DA94-EB2D-4D2F-AF66-276BF4A47392}.Release|Any CPU.Build.0 = Release|Any CPU
	EndGlobalSection
	GlobalSection(SolutionProperties) = preSolution
		HideSolutionNode = FALSE
	EndGlobalSection
EndGlobal
